
Microsoft Visual Studio Solution File, Format Version 12.00
# Visual Studio Version 16
VisualStudioVersion = 16.0.32901.84
MinimumVisualStudioVersion = 10.0.40219.1
Project("{FAE04EC0-301F-11D3-BF4B-00C04F79EFBC}") = "APICaseStudySpecflow", "APICaseStudySpecflow\APICaseStudySpecflow.csproj", "{22E0666E-D13B-41AA-8E5E-8E2BA499D31F}"
EndProject
Global
	GlobalSection(SolutionConfigurationPlatforms) = preSolution
		Debug|Any CPU = Debug|Any CPU
		Release|Any CPU = Release|Any CPU
	EndGlobalSection
	GlobalSection(ProjectConfigurationPlatforms) = postSolution
		{22E0666E-D13B-41AA-8E5E-8E2BA499D31F}.Debug|Any CPU.ActiveCfg = Debug|Any CPU
		{22E0666E-D13B-41AA-8E5E-8E2BA499D31F}.Debug|Any CPU.Build.0 = Debug|Any CPU
		{22E0666E-D13B-41AA-8E5E-8E2BA499D31F}.Release|Any CPU.ActiveCfg = Release|Any CPU
		{22E0666E-D13B-41AA-8E5E-8E2BA499D31F}.Release|Any CPU.Build.0 = Release|Any CPU
	EndGlobalSection
	GlobalSection(SolutionProperties) = preSolution
		HideSolutionNode = FALSE
	EndGlobalSection
	GlobalSection(ExtensibilityGlobals) = postSolution
		SolutionGuid = {EBDB3847-1C9D-45AB-9752-7ADC45E195E6}
	EndGlobalSection
EndGlobal
